// !$*UTF8*$!
{
	archiveVersion = 1;
	classes = {
	};
	objectVersion = 77;
	objects = {

/* Begin PBXBuildFile section */
		C18DE3992DE811B5000A75F8 /* DeviceActivity.framework in Frameworks */ = {isa = PBXBuildFile; fileRef = C18DE3982DE811B4000A75F8 /* DeviceActivity.framework */; };
		C18DE3A12DE811B5000A75F8 /* BreaktimeMonitor.appex in Embed Foundation Extensions */ = {isa = PBXBuildFile; fileRef = C18DE3962DE811B4000A75F8 /* BreaktimeMonitor.appex */; settings = {ATTRIBUTES = (RemoveHeadersOnCopy, ); }; };
/* End PBXBuildFile section */

/* Begin PBXContainerItemProxy section */
		C18B98A12DE759420024CA1A /* PBXContainerItemProxy */ = {
			isa = PBXContainerItemProxy;
			containerPortal = C18B988B2DE7593F0024CA1A /* Project object */;
			proxyType = 1;
			remoteGlobalIDString = C18B98922DE7593F0024CA1A;
			remoteInfo = Breaktime;
		};
		C18B98AB2DE759420024CA1A /* PBXContainerItemProxy */ = {
			isa = PBXContainerItemProxy;
			containerPortal = C18B988B2DE7593F0024CA1A /* Project object */;
			proxyType = 1;
			remoteGlobalIDString = C18B98922DE7593F0024CA1A;
			remoteInfo = Breaktime;
		};
		C18DE39F2DE811B5000A75F8 /* PBXContainerItemProxy */ = {
			isa = PBXContainerItemProxy;
			containerPortal = C18B988B2DE7593F0024CA1A /* Project object */;
			proxyType = 1;
			remoteGlobalIDString = C18DE3952DE811B4000A75F8;
			remoteInfo = BreaktimeMonitor;
		};
/* End PBXContainerItemProxy section */

/* Begin PBXCopyFilesBuildPhase section */
		C18DE3A62DE811B5000A75F8 /* Embed Foundation Extensions */ = {
			isa = PBXCopyFilesBuildPhase;
			buildActionMask = 2147483647;
			dstPath = "";
			dstSubfolderSpec = 13;
			files = (
				C18DE3A12DE811B5000A75F8 /* BreaktimeMonitor.appex in Embed Foundation Extensions */,
			);
			name = "Embed Foundation Extensions";
			runOnlyForDeploymentPostprocessing = 0;
		};
/* End PBXCopyFilesBuildPhase section */

/* Begin PBXFileReference section */
		C18B98932DE7593F0024CA1A /* Breaktime.app */ = {isa = PBXFileReference; explicitFileType = wrapper.application; includeInIndex = 0; path = Breaktime.app; sourceTree = BUILT_PRODUCTS_DIR; };
		C18B98A02DE759420024CA1A /* BreaktimeTests.xctest */ = {isa = PBXFileReference; explicitFileType = wrapper.cfbundle; includeInIndex = 0; path = BreaktimeTests.xctest; sourceTree = BUILT_PRODUCTS_DIR; };
		C18B98AA2DE759420024CA1A /* BreaktimeUITests.xctest */ = {isa = PBXFileReference; explicitFileType = wrapper.cfbundle; includeInIndex = 0; path = BreaktimeUITests.xctest; sourceTree = BUILT_PRODUCTS_DIR; };
		C18DE3962DE811B4000A75F8 /* BreaktimeMonitor.appex */ = {isa = PBXFileReference; explicitFileType = "wrapper.app-extension"; includeInIndex = 0; path = BreaktimeMonitor.appex; sourceTree = BUILT_PRODUCTS_DIR; };
		C18DE3982DE811B4000A75F8 /* DeviceActivity.framework */ = {isa = PBXFileReference; lastKnownFileType = wrapper.framework; name = DeviceActivity.framework; path = System/Library/Frameworks/DeviceActivity.framework; sourceTree = SDKROOT; };
/* End PBXFileReference section */

/* Begin PBXFileSystemSynchronizedBuildFileExceptionSet section */
		C18DE3A22DE811B5000A75F8 /* Exceptions for "BreaktimeMonitor" folder in "BreaktimeMonitor" target */ = {
			isa = PBXFileSystemSynchronizedBuildFileExceptionSet;
			membershipExceptions = (
				Info.plist,
			);
			target = C18DE3952DE811B4000A75F8 /* BreaktimeMonitor */;
		};
		C18DE3B62DE8217A000A75F8 /* Exceptions for "Breaktime" folder in "BreaktimeMonitor" target */ = {
			isa = PBXFileSystemSynchronizedBuildFileExceptionSet;
			membershipExceptions = (
				CustomFont.swift,
			);
			target = C18DE3952DE811B4000A75F8 /* BreaktimeMonitor */;
		};
/* End PBXFileSystemSynchronizedBuildFileExceptionSet section */

/* Begin PBXFileSystemSynchronizedRootGroup section */
		C18B98952DE7593F0024CA1A /* Breaktime */ = {
			isa = PBXFileSystemSynchronizedRootGroup;
			exceptions = (
				C18DE3B62DE8217A000A75F8 /* Exceptions for "Breaktime" folder in "BreaktimeMonitor" target */,
			);
			path = Breaktime;
			sourceTree = "<group>";
		};
		C18B98A32DE759420024CA1A /* BreaktimeTests */ = {
			isa = PBXFileSystemSynchronizedRootGroup;
			path = BreaktimeTests;
			sourceTree = "<group>";
		};
		C18B98AD2DE759420024CA1A /* BreaktimeUITests */ = {
			isa = PBXFileSystemSynchronizedRootGroup;
			path = BreaktimeUITests;
			sourceTree = "<group>";
		};
		C18DE39A2DE811B5000A75F8 /* BreaktimeMonitor */ = {
			isa = PBXFileSystemSynchronizedRootGroup;
			exceptions = (
				C18DE3A22DE811B5000A75F8 /* Exceptions for "BreaktimeMonitor" folder in "BreaktimeMonitor" target */,
			);
			path = BreaktimeMonitor;
			sourceTree = "<group>";
		};
/* End PBXFileSystemSynchronizedRootGroup section */

/* Begin PBXFrameworksBuildPhase section */
		C18B98902DE7593F0024CA1A /* Frameworks */ = {
			isa = PBXFrameworksBuildPhase;
			buildActionMask = 2147483647;
			files = (
			);
			runOnlyForDeploymentPostprocessing = 0;
		};
		C18B989D2DE759420024CA1A /* Frameworks */ = {
			isa = PBXFrameworksBuildPhase;
			buildActionMask = 2147483647;
			files = (
			);
			runOnlyForDeploymentPostprocessing = 0;
		};
		C18B98A72DE759420024CA1A /* Frameworks */ = {
			isa = PBXFrameworksBuildPhase;
			buildActionMask = 2147483647;
			files = (
			);
			runOnlyForDeploymentPostprocessing = 0;
		};
		C18DE3932DE811B4000A75F8 /* Frameworks */ = {
			isa = PBXFrameworksBuildPhase;
			buildActionMask = 2147483647;
			files = (
				C18DE3992DE811B5000A75F8 /* DeviceActivity.framework in Frameworks */,
			);
			runOnlyForDeploymentPostprocessing = 0;
		};
/* End PBXFrameworksBuildPhase section */

/* Begin PBXGroup section */
		C18B988A2DE7593F0024CA1A = {
			isa = PBXGroup;
			children = (
				C18B98952DE7593F0024CA1A /* Breaktime */,
				C18B98A32DE759420024CA1A /* BreaktimeTests */,
				C18B98AD2DE759420024CA1A /* BreaktimeUITests */,
				C18DE39A2DE811B5000A75F8 /* BreaktimeMonitor */,
				C18DE3972DE811B4000A75F8 /* Frameworks */,
				C18B98942DE7593F0024CA1A /* Products */,
			);
			sourceTree = "<group>";
		};
		C18B98942DE7593F0024CA1A /* Products */ = {
			isa = PBXGroup;
			children = (
				C18B98932DE7593F0024CA1A /* Breaktime.app */,
				C18B98A02DE759420024CA1A /* BreaktimeTests.xctest */,
				C18B98AA2DE759420024CA1A /* BreaktimeUITests.xctest */,
				C18DE3962DE811B4000A75F8 /* BreaktimeMonitor.appex */,
			);
			name = Products;
			sourceTree = "<group>";
		};
		C18DE3972DE811B4000A75F8 /* Frameworks */ = {
			isa = PBXGroup;
			children = (
				C18DE3982DE811B4000A75F8 /* DeviceActivity.framework */,
			);
			name = Frameworks;
			sourceTree = "<group>";
		};
/* End PBXGroup section */

/* Begin PBXNativeTarget section */
		C18B98922DE7593F0024CA1A /* Breaktime */ = {
			isa = PBXNativeTarget;
			buildConfigurationList = C18B98B42DE759420024CA1A /* Build configuration list for PBXNativeTarget "Breaktime" */;
			buildPhases = (
				C18B988F2DE7593F0024CA1A /* Sources */,
				C18B98902DE7593F0024CA1A /* Frameworks */,
				C18B98912DE7593F0024CA1A /* Resources */,
				C18DE3A62DE811B5000A75F8 /* Embed Foundation Extensions */,
			);
			buildRules = (
			);
			dependencies = (
				C18DE3A02DE811B5000A75F8 /* PBXTargetDependency */,
			);
			fileSystemSynchronizedGroups = (
				C18B98952DE7593F0024CA1A /* Breaktime */,
			);
			name = Breaktime;
			packageProductDependencies = (
			);
			productName = Breaktime;
			productReference = C18B98932DE7593F0024CA1A /* Breaktime.app */;
			productType = "com.apple.product-type.application";
		};
		C18B989F2DE759420024CA1A /* BreaktimeTests */ = {
			isa = PBXNativeTarget;
			buildConfigurationList = C18B98B72DE759420024CA1A /* Build configuration list for PBXNativeTarget "BreaktimeTests" */;
			buildPhases = (
				C18B989C2DE759420024CA1A /* Sources */,
				C18B989D2DE759420024CA1A /* Frameworks */,
				C18B989E2DE759420024CA1A /* Resources */,
			);
			buildRules = (
			);
			dependencies = (
				C18B98A22DE759420024CA1A /* PBXTargetDependency */,
			);
			fileSystemSynchronizedGroups = (
				C18B98A32DE759420024CA1A /* BreaktimeTests */,
			);
			name = BreaktimeTests;
			packageProductDependencies = (
			);
			productName = BreaktimeTests;
			productReference = C18B98A02DE759420024CA1A /* BreaktimeTests.xctest */;
			productType = "com.apple.product-type.bundle.unit-test";
		};
		C18B98A92DE759420024CA1A /* BreaktimeUITests */ = {
			isa = PBXNativeTarget;
			buildConfigurationList = C18B98BA2DE759420024CA1A /* Build configuration list for PBXNativeTarget "BreaktimeUITests" */;
			buildPhases = (
				C18B98A62DE759420024CA1A /* Sources */,
				C18B98A72DE759420024CA1A /* Frameworks */,
				C18B98A82DE759420024CA1A /* Resources */,
			);
			buildRules = (
			);
			dependencies = (
				C18B98AC2DE759420024CA1A /* PBXTargetDependency */,
			);
			fileSystemSynchronizedGroups = (
				C18B98AD2DE759420024CA1A /* BreaktimeUITests */,
			);
			name = BreaktimeUITests;
			packageProductDependencies = (
			);
			productName = BreaktimeUITests;
			productReference = C18B98AA2DE759420024CA1A /* BreaktimeUITests.xctest */;
			productType = "com.apple.product-type.bundle.ui-testing";
		};
		C18DE3952DE811B4000A75F8 /* BreaktimeMonitor */ = {
			isa = PBXNativeTarget;
			buildConfigurationList = C18DE3A32DE811B5000A75F8 /* Build configuration list for PBXNativeTarget "BreaktimeMonitor" */;
			buildPhases = (
				C18DE3922DE811B4000A75F8 /* Sources */,
				C18DE3932DE811B4000A75F8 /* Frameworks */,
				C18DE3942DE811B4000A75F8 /* Resources */,
			);
			buildRules = (
			);
			dependencies = (
			);
			fileSystemSynchronizedGroups = (
				C18DE39A2DE811B5000A75F8 /* BreaktimeMonitor */,
			);
			name = BreaktimeMonitor;
			packageProductDependencies = (
			);
			productName = BreaktimeMonitor;
			productReference = C18DE3962DE811B4000A75F8 /* BreaktimeMonitor.appex */;
			productType = "com.apple.product-type.app-extension";
		};
/* End PBXNativeTarget section */

/* Begin PBXProject section */
		C18B988B2DE7593F0024CA1A /* Project object */ = {
			isa = PBXProject;
			attributes = {
				BuildIndependentTargetsInParallel = 1;
				LastSwiftUpdateCheck = 1630;
				LastUpgradeCheck = 1630;
				TargetAttributes = {
					C18B98922DE7593F0024CA1A = {
						CreatedOnToolsVersion = 16.3;
					};
					C18B989F2DE759420024CA1A = {
						CreatedOnToolsVersion = 16.3;
						TestTargetID = C18B98922DE7593F0024CA1A;
					};
					C18B98A92DE759420024CA1A = {
						CreatedOnToolsVersion = 16.3;
						TestTargetID = C18B98922DE7593F0024CA1A;
					};
					C18DE3952DE811B4000A75F8 = {
						CreatedOnToolsVersion = 16.3;
					};
				};
			};
			buildConfigurationList = C18B988E2DE7593F0024CA1A /* Build configuration list for PBXProject "Breaktime" */;
			developmentRegion = en;
			hasScannedForEncodings = 0;
			knownRegions = (
				en,
				Base,
			);
			mainGroup = C18B988A2DE7593F0024CA1A;
			minimizedProjectReferenceProxies = 1;
			preferredProjectObjectVersion = 77;
			productRefGroup = C18B98942DE7593F0024CA1A /* Products */;
			projectDirPath = "";
			projectRoot = "";
			targets = (
				C18B98922DE7593F0024CA1A /* Breaktime */,
				C18B989F2DE759420024CA1A /* BreaktimeTests */,
				C18B98A92DE759420024CA1A /* BreaktimeUITests */,
				C18DE3952DE811B4000A75F8 /* BreaktimeMonitor */,
			);
		};
/* End PBXProject section */

/* Begin PBXResourcesBuildPhase section */
		C18B98912DE7593F0024CA1A /* Resources */ = {
			isa = PBXResourcesBuildPhase;
			buildActionMask = 2147483647;
			files = (
			);
			runOnlyForDeploymentPostprocessing = 0;
		};
		C18B989E2DE759420024CA1A /* Resources */ = {
			isa = PBXResourcesBuildPhase;
			buildActionMask = 2147483647;
			files = (
			);
			runOnlyForDeploymentPostprocessing = 0;
		};
		C18B98A82DE759420024CA1A /* Resources */ = {
			isa = PBXResourcesBuildPhase;
			buildActionMask = 2147483647;
			files = (
			);
			runOnlyForDeploymentPostprocessing = 0;
		};
		C18DE3942DE811B4000A75F8 /* Resources */ = {
			isa = PBXResourcesBuildPhase;
			buildActionMask = 2147483647;
			files = (
			);
			runOnlyForDeploymentPostprocessing = 0;
		};
/* End PBXResourcesBuildPhase section */

/* Begin PBXSourcesBuildPhase section */
		C18B988F2DE7593F0024CA1A /* Sources */ = {
			isa = PBXSourcesBuildPhase;
			buildActionMask = 2147483647;
			files = (
			);
			runOnlyForDeploymentPostprocessing = 0;
		};
		C18B989C2DE759420024CA1A /* Sources */ = {
			isa = PBXSourcesBuildPhase;
			buildActionMask = 2147483647;
			files = (
			);
			runOnlyForDeploymentPostprocessing = 0;
		};
		C18B98A62DE759420024CA1A /* Sources */ = {
			isa = PBXSourcesBuildPhase;
			buildActionMask = 2147483647;
			files = (
			);
			runOnlyForDeploymentPostprocessing = 0;
		};
		C18DE3922DE811B4000A75F8 /* Sources */ = {
			isa = PBXSourcesBuildPhase;
			buildActionMask = 2147483647;
			files = (
			);
			runOnlyForDeploymentPostprocessing = 0;
		};
/* End PBXSourcesBuildPhase section */

/* Begin PBXTargetDependency section */
		C18B98A22DE759420024CA1A /* PBXTargetDependency */ = {
			isa = PBXTargetDependency;
			target = C18B98922DE7593F0024CA1A /* Breaktime */;
			targetProxy = C18B98A12DE759420024CA1A /* PBXContainerItemProxy */;
		};
		C18B98AC2DE759420024CA1A /* PBXTargetDependency */ = {
			isa = PBXTargetDependency;
			target = C18B98922DE7593F0024CA1A /* Breaktime */;
			targetProxy = C18B98AB2DE759420024CA1A /* PBXContainerItemProxy */;
		};
		C18DE3A02DE811B5000A75F8 /* PBXTargetDependency */ = {
			isa = PBXTargetDependency;
			target = C18DE3952DE811B4000A75F8 /* BreaktimeMonitor */;
			targetProxy = C18DE39F2DE811B5000A75F8 /* PBXContainerItemProxy */;
		};
/* End PBXTargetDependency section */

/* Begin XCBuildConfiguration section */
		C18B98B22DE759420024CA1A /* Debug */ = {
			isa = XCBuildConfiguration;
			buildSettings = {
				ALWAYS_SEARCH_USER_PATHS = NO;
				ASSETCATALOG_COMPILER_GENERATE_SWIFT_ASSET_SYMBOL_EXTENSIONS = YES;
				CLANG_ANALYZER_NONNULL = YES;
				CLANG_ANALYZER_NUMBER_OBJECT_CONVERSION = YES_AGGRESSIVE;
				CLANG_CXX_LANGUAGE_STANDARD = "gnu++20";
				CLANG_ENABLE_MODULES = YES;
				CLANG_ENABLE_OBJC_ARC = YES;
				CLANG_ENABLE_OBJC_WEAK = YES;
				CLANG_WARN_BLOCK_CAPTURE_AUTORELEASING = YES;
				CLANG_WARN_BOOL_CONVERSION = YES;
				CLANG_WARN_COMMA = YES;
				CLANG_WARN_CONSTANT_CONVERSION = YES;
				CLANG_WARN_DEPRECATED_OBJC_IMPLEMENTATIONS = YES;
				CLANG_WARN_DIRECT_OBJC_ISA_USAGE = YES_ERROR;
				CLANG_WARN_DOCUMENTATION_COMMENTS = YES;
				CLANG_WARN_EMPTY_BODY = YES;
				CLANG_WARN_ENUM_CONVERSION = YES;
				CLANG_WARN_INFINITE_RECURSION = YES;
				CLANG_WARN_INT_CONVERSION = YES;
				CLANG_WARN_NON_LITERAL_NULL_CONVERSION = YES;
				CLANG_WARN_OBJC_IMPLICIT_RETAIN_SELF = YES;
				CLANG_WARN_OBJC_LITERAL_CONVERSION = YES;
				CLANG_WARN_OBJC_ROOT_CLASS = YES_ERROR;
				CLANG_WARN_QUOTED_INCLUDE_IN_FRAMEWORK_HEADER = YES;
				CLANG_WARN_RANGE_LOOP_ANALYSIS = YES;
				CLANG_WARN_STRICT_PROTOTYPES = YES;
				CLANG_WARN_SUSPICIOUS_MOVE = YES;
				CLANG_WARN_UNGUARDED_AVAILABILITY = YES_AGGRESSIVE;
				CLANG_WARN_UNREACHABLE_CODE = YES;
				CLANG_WARN__DUPLICATE_METHOD_MATCH = YES;
				COPY_PHASE_STRIP = NO;
				DEBUG_INFORMATION_FORMAT = dwarf;
				ENABLE_STRICT_OBJC_MSGSEND = YES;
				ENABLE_TESTABILITY = YES;
				ENABLE_USER_SCRIPT_SANDBOXING = YES;
				GCC_C_LANGUAGE_STANDARD = gnu17;
				GCC_DYNAMIC_NO_PIC = NO;
				GCC_NO_COMMON_BLOCKS = YES;
				GCC_OPTIMIZATION_LEVEL = 0;
				GCC_PREPROCESSOR_DEFINITIONS = (
					"DEBUG=1",
					"$(inherited)",
				);
				GCC_WARN_64_TO_32_BIT_CONVERSION = YES;
				GCC_WARN_ABOUT_RETURN_TYPE = YES_ERROR;
				GCC_WARN_UNDECLARED_SELECTOR = YES;
				GCC_WARN_UNINITIALIZED_AUTOS = YES_AGGRESSIVE;
				GCC_WARN_UNUSED_FUNCTION = YES;
				GCC_WARN_UNUSED_VARIABLE = YES;
				IPHONEOS_DEPLOYMENT_TARGET = 18.4;
				LOCALIZATION_PREFERS_STRING_CATALOGS = YES;
				MTL_ENABLE_DEBUG_INFO = INCLUDE_SOURCE;
				MTL_FAST_MATH = YES;
				ONLY_ACTIVE_ARCH = YES;
				SDKROOT = iphoneos;
				SWIFT_ACTIVE_COMPILATION_CONDITIONS = "DEBUG $(inherited)";
				SWIFT_OPTIMIZATION_LEVEL = "-Onone";
			};
			name = Debug;
		};
		C18B98B32DE759420024CA1A /* Release */ = {
			isa = XCBuildConfiguration;
			buildSettings = {
				ALWAYS_SEARCH_USER_PATHS = NO;
				ASSETCATALOG_COMPILER_GENERATE_SWIFT_ASSET_SYMBOL_EXTENSIONS = YES;
				CLANG_ANALYZER_NONNULL = YES;
				CLANG_ANALYZER_NUMBER_OBJECT_CONVERSION = YES_AGGRESSIVE;
				CLANG_CXX_LANGUAGE_STANDARD = "gnu++20";
				CLANG_ENABLE_MODULES = YES;
				CLANG_ENABLE_OBJC_ARC = YES;
				CLANG_ENABLE_OBJC_WEAK = YES;
				CLANG_WARN_BLOCK_CAPTURE_AUTORELEASING = YES;
				CLANG_WARN_BOOL_CONVERSION = YES;
				CLANG_WARN_COMMA = YES;
				CLANG_WARN_CONSTANT_CONVERSION = YES;
				CLANG_WARN_DEPRECATED_OBJC_IMPLEMENTATIONS = YES;
				CLANG_WARN_DIRECT_OBJC_ISA_USAGE = YES_ERROR;
				CLANG_WARN_DOCUMENTATION_COMMENTS = YES;
				CLANG_WARN_EMPTY_BODY = YES;
				CLANG_WARN_ENUM_CONVERSION = YES;
				CLANG_WARN_INFINITE_RECURSION = YES;
				CLANG_WARN_INT_CONVERSION = YES;
				CLANG_WARN_NON_LITERAL_NULL_CONVERSION = YES;
				CLANG_WARN_OBJC_IMPLICIT_RETAIN_SELF = YES;
				CLANG_WARN_OBJC_LITERAL_CONVERSION = YES;
				CLANG_WARN_OBJC_ROOT_CLASS = YES_ERROR;
				CLANG_WARN_QUOTED_INCLUDE_IN_FRAMEWORK_HEADER = YES;
				CLANG_WARN_RANGE_LOOP_ANALYSIS = YES;
				CLANG_WARN_STRICT_PROTOTYPES = YES;
				CLANG_WARN_SUSPICIOUS_MOVE = YES;
				CLANG_WARN_UNGUARDED_AVAILABILITY = YES_AGGRESSIVE;
				CLANG_WARN_UNREACHABLE_CODE = YES;
				CLANG_WARN__DUPLICATE_METHOD_MATCH = YES;
				COPY_PHASE_STRIP = NO;
				DEBUG_INFORMATION_FORMAT = "dwarf-with-dsym";
				ENABLE_NS_ASSERTIONS = NO;
				ENABLE_STRICT_OBJC_MSGSEND = YES;
				ENABLE_USER_SCRIPT_SANDBOXING = YES;
				GCC_C_LANGUAGE_STANDARD = gnu17;
				GCC_NO_COMMON_BLOCKS = YES;
				GCC_WARN_64_TO_32_BIT_CONVERSION = YES;
				GCC_WARN_ABOUT_RETURN_TYPE = YES_ERROR;
				GCC_WARN_UNDECLARED_SELECTOR = YES;
				GCC_WARN_UNINITIALIZED_AUTOS = YES_AGGRESSIVE;
				GCC_WARN_UNUSED_FUNCTION = YES;
				GCC_WARN_UNUSED_VARIABLE = YES;
				IPHONEOS_DEPLOYMENT_TARGET = 18.4;
				LOCALIZATION_PREFERS_STRING_CATALOGS = YES;
				MTL_ENABLE_DEBUG_INFO = NO;
				MTL_FAST_MATH = YES;
				SDKROOT = iphoneos;
				SWIFT_COMPILATION_MODE = wholemodule;
				VALIDATE_PRODUCT = YES;
			};
			name = Release;
		};
		C18B98B52DE759420024CA1A /* Debug */ = {
			isa = XCBuildConfiguration;
			buildSettings = {
				ASSETCATALOG_COMPILER_APPICON_NAME = AppIcon;
				ASSETCATALOG_COMPILER_GLOBAL_ACCENT_COLOR_NAME = AccentColor;
				CODE_SIGN_ENTITLEMENTS = Breaktime/Breaktime.entitlements;
				CODE_SIGN_STYLE = Automatic;
				CURRENT_PROJECT_VERSION = 1;
				DEVELOPMENT_TEAM = "";
				ENABLE_PREVIEWS = YES;
				GENERATE_INFOPLIST_FILE = YES;
				INFOPLIST_KEY_UIApplicationSceneManifest_Generation = YES;
				INFOPLIST_KEY_UIApplicationSupportsIndirectInputEvents = YES;
				INFOPLIST_KEY_UILaunchScreen_Generation = YES;
				INFOPLIST_KEY_UISupportedInterfaceOrientations_iPad = "UIInterfaceOrientationPortrait UIInterfaceOrientationPortraitUpsideDown UIInterfaceOrientationLandscapeLeft UIInterfaceOrientationLandscapeRight";
				INFOPLIST_KEY_UISupportedInterfaceOrientations_iPhone = "UIInterfaceOrientationPortrait UIInterfaceOrientationLandscapeLeft UIInterfaceOrientationLandscapeRight";
				LD_RUNPATH_SEARCH_PATHS = (
					"$(inherited)",
					"@executable_path/Frameworks",
				);
				MARKETING_VERSION = 1.0;
				PRODUCT_BUNDLE_IDENTIFIER = com.nathan.Breaktime;
				PRODUCT_NAME = "$(TARGET_NAME)";
				SWIFT_EMIT_LOC_STRINGS = YES;
				SWIFT_VERSION = 5.0;
				TARGETED_DEVICE_FAMILY = "1,2";
			};
			name = Debug;
		};
		C18B98B62DE759420024CA1A /* Release */ = {
			isa = XCBuildConfiguration;
			buildSettings = {
				ASSETCATALOG_COMPILER_APPICON_NAME = AppIcon;
				ASSETCATALOG_COMPILER_GLOBAL_ACCENT_COLOR_NAME = AccentColor;
				CODE_SIGN_ENTITLEMENTS = Breaktime/Breaktime.entitlements;
				CODE_SIGN_STYLE = Automatic;
				CURRENT_PROJECT_VERSION = 1;
				DEVELOPMENT_TEAM = "";
				ENABLE_PREVIEWS = YES;
				GENERATE_INFOPLIST_FILE = YES;
				INFOPLIST_KEY_UIApplicationSceneManifest_Generation = YES;
				INFOPLIST_KEY_UIApplicationSupportsIndirectInputEvents = YES;
				INFOPLIST_KEY_UILaunchScreen_Generation = YES;
				INFOPLIST_KEY_UISupportedInterfaceOrientations_iPad = "UIInterfaceOrientationPortrait UIInterfaceOrientationPortraitUpsideDown UIInterfaceOrientationLandscapeLeft UIInterfaceOrientationLandscapeRight";
				INFOPLIST_KEY_UISupportedInterfaceOrientations_iPhone = "UIInterfaceOrientationPortrait UIInterfaceOrientationLandscapeLeft UIInterfaceOrientationLandscapeRight";
				LD_RUNPATH_SEARCH_PATHS = (
					"$(inherited)",
					"@executable_path/Frameworks",
				);
				MARKETING_VERSION = 1.0;
				PRODUCT_BUNDLE_IDENTIFIER = com.nathan.Breaktime;
				PRODUCT_NAME = "$(TARGET_NAME)";
				SWIFT_EMIT_LOC_STRINGS = YES;
				SWIFT_VERSION = 5.0;
				TARGETED_DEVICE_FAMILY = "1,2";
			};
			name = Release;
		};
		C18B98B82DE759420024CA1A /* Debug */ = {
			isa = XCBuildConfiguration;
			buildSettings = {
				BUNDLE_LOADER = "$(TEST_HOST)";
				CODE_SIGN_STYLE = Automatic;
				CURRENT_PROJECT_VERSION = 1;
				GENERATE_INFOPLIST_FILE = YES;
				IPHONEOS_DEPLOYMENT_TARGET = 18.4;
				MARKETING_VERSION = 1.0;
				PRODUCT_BUNDLE_IDENTIFIER = com.nathan.BreaktimeTests;
				PRODUCT_NAME = "$(TARGET_NAME)";
				SWIFT_EMIT_LOC_STRINGS = NO;
				SWIFT_VERSION = 5.0;
				TARGETED_DEVICE_FAMILY = "1,2";
				TEST_HOST = "$(BUILT_PRODUCTS_DIR)/Breaktime.app/$(BUNDLE_EXECUTABLE_FOLDER_PATH)/Breaktime";
			};
			name = Debug;
		};
		C18B98B92DE759420024CA1A /* Release */ = {
			isa = XCBuildConfiguration;
			buildSettings = {
				BUNDLE_LOADER = "$(TEST_HOST)";
				CODE_SIGN_STYLE = Automatic;
				CURRENT_PROJECT_VERSION = 1;
				GENERATE_INFOPLIST_FILE = YES;
				IPHONEOS_DEPLOYMENT_TARGET = 18.4;
				MARKETING_VERSION = 1.0;
				PRODUCT_BUNDLE_IDENTIFIER = com.nathan.BreaktimeTests;
				PRODUCT_NAME = "$(TARGET_NAME)";
				SWIFT_EMIT_LOC_STRINGS = NO;
				SWIFT_VERSION = 5.0;
				TARGETED_DEVICE_FAMILY = "1,2";
				TEST_HOST = "$(BUILT_PRODUCTS_DIR)/Breaktime.app/$(BUNDLE_EXECUTABLE_FOLDER_PATH)/Breaktime";
			};
			name = Release;
		};
		C18B98BB2DE759420024CA1A /* Debug */ = {
			isa = XCBuildConfiguration;
			buildSettings = {
				CODE_SIGN_STYLE = Automatic;
				CURRENT_PROJECT_VERSION = 1;
				GENERATE_INFOPLIST_FILE = YES;
				MARKETING_VERSION = 1.0;
				PRODUCT_BUNDLE_IDENTIFIER = com.nathan.BreaktimeUITests;
				PRODUCT_NAME = "$(TARGET_NAME)";
				SWIFT_EMIT_LOC_STRINGS = NO;
				SWIFT_VERSION = 5.0;
				TARGETED_DEVICE_FAMILY = "1,2";
				TEST_TARGET_NAME = Breaktime;
			};
			name = Debug;
		};
		C18B98BC2DE759420024CA1A /* Release */ = {
			isa = XCBuildConfiguration;
			buildSettings = {
				CODE_SIGN_STYLE = Automatic;
				CURRENT_PROJECT_VERSION = 1;
				GENERATE_INFOPLIST_FILE = YES;
				MARKETING_VERSION = 1.0;
				PRODUCT_BUNDLE_IDENTIFIER = com.nathan.BreaktimeUITests;
				PRODUCT_NAME = "$(TARGET_NAME)";
				SWIFT_EMIT_LOC_STRINGS = NO;
				SWIFT_VERSION = 5.0;
				TARGETED_DEVICE_FAMILY = "1,2";
				TEST_TARGET_NAME = Breaktime;
			};
			name = Release;
		};
		C18DE3A42DE811B5000A75F8 /* Debug */ = {
			isa = XCBuildConfiguration;
			buildSettings = {
				CODE_SIGN_ENTITLEMENTS = BreaktimeMonitor/BreaktimeMonitor.entitlements;
				CODE_SIGN_STYLE = Automatic;
				CURRENT_PROJECT_VERSION = 1;
				DEVELOPMENT_TEAM = "";
				GENERATE_INFOPLIST_FILE = YES;
				INFOPLIST_FILE = BreaktimeMonitor/Info.plist;
				INFOPLIST_KEY_CFBundleDisplayName = BreaktimeMonitor;
				INFOPLIST_KEY_NSHumanReadableCopyright = "";
				LD_RUNPATH_SEARCH_PATHS = (
					"$(inherited)",
					"@executable_path/Frameworks",
					"@executable_path/../../Frameworks",
				);
				MARKETING_VERSION = 1.0;
				PRODUCT_BUNDLE_IDENTIFIER = com.nathan.Breaktime.BreaktimeMonitor;
				PRODUCT_NAME = "$(TARGET_NAME)";
				SKIP_INSTALL = YES;
				SWIFT_EMIT_LOC_STRINGS = YES;
				SWIFT_VERSION = 5.0;
				TARGETED_DEVICE_FAMILY = "1,2";
			};
			name = Debug;
		};
		C18DE3A52DE811B5000A75F8 /* Release */ = {
			isa = XCBuildConfiguration;
			buildSettings = {
				CODE_SIGN_ENTITLEMENTS = BreaktimeMonitor/BreaktimeMonitor.entitlements;
				CODE_SIGN_STYLE = Automatic;
				CURRENT_PROJECT_VERSION = 1;
				DEVELOPMENT_TEAM = "";
				GENERATE_INFOPLIST_FILE = YES;
				INFOPLIST_FILE = BreaktimeMonitor/Info.plist;
				INFOPLIST_KEY_CFBundleDisplayName = BreaktimeMonitor;
				INFOPLIST_KEY_NSHumanReadableCopyright = "";
				LD_RUNPATH_SEARCH_PATHS = (
					"$(inherited)",
					"@executable_path/Frameworks",
					"@executable_path/../../Frameworks",
				);
				MARKETING_VERSION = 1.0;
				PRODUCT_BUNDLE_IDENTIFIER = com.nathan.Breaktime.BreaktimeMonitor;
				PRODUCT_NAME = "$(TARGET_NAME)";
				SKIP_INSTALL = YES;
				SWIFT_EMIT_LOC_STRINGS = YES;
				SWIFT_VERSION = 5.0;
				TARGETED_DEVICE_FAMILY = "1,2";
			};
			name = Release;
		};
/* End XCBuildConfiguration section */

/* Begin XCConfigurationList section */
		C18B988E2DE7593F0024CA1A /* Build configuration list for PBXProject "Breaktime" */ = {
			isa = XCConfigurationList;
			buildConfigurations = (
				C18B98B22DE759420024CA1A /* Debug */,
				C18B98B32DE759420024CA1A /* Release */,
			);
			defaultConfigurationIsVisible = 0;
			defaultConfigurationName = Release;
		};
		C18B98B42DE759420024CA1A /* Build configuration list for PBXNativeTarget "Breaktime" */ = {
			isa = XCConfigurationList;
			buildConfigurations = (
				C18B98B52DE759420024CA1A /* Debug */,
				C18B98B62DE759420024CA1A /* Release */,
			);
			defaultConfigurationIsVisible = 0;
			defaultConfigurationName = Release;
		};
		C18B98B72DE759420024CA1A /* Build configuration list for PBXNativeTarget "BreaktimeTests" */ = {
			isa = XCConfigurationList;
			buildConfigurations = (
				C18B98B82DE759420024CA1A /* Debug */,
				C18B98B92DE759420024CA1A /* Release */,
			);
			defaultConfigurationIsVisible = 0;
			defaultConfigurationName = Release;
		};
		C18B98BA2DE759420024CA1A /* Build configuration list for PBXNativeTarget "BreaktimeUITests" */ = {
			isa = XCConfigurationList;
			buildConfigurations = (
				C18B98BB2DE759420024CA1A /* Debug */,
				C18B98BC2DE759420024CA1A /* Release */,
			);
			defaultConfigurationIsVisible = 0;
			defaultConfigurationName = Release;
		};
		C18DE3A32DE811B5000A75F8 /* Build configuration list for PBXNativeTarget "BreaktimeMonitor" */ = {
			isa = XCConfigurationList;
			buildConfigurations = (
				C18DE3A42DE811B5000A75F8 /* Debug */,
				C18DE3A52DE811B5000A75F8 /* Release */,
			);
			defaultConfigurationIsVisible = 0;
			defaultConfigurationName = Release;
		};
/* End XCConfigurationList section */
	};
	rootObject = C18B988B2DE7593F0024CA1A /* Project object */;
}
